
Microsoft Visual Studio Solution File, Format Version 12.00
# Visual Studio Version 16
VisualStudioVersion = 16.0.31320.298
MinimumVisualStudioVersion = 10.0.40219.1
Project("{9A19103F-16F7-4668-BE54-9A1E7A4F7556}") = "BadPixelApp", "BadPixelSimpleApp\BadPixelApp.csproj", "{35C3B675-CC79-4A09-BB36-81FCD16C7977}"
EndProject
Project("{FAE04EC0-301F-11D3-BF4B-00C04F79EFBC}") = "DetConfigReader", "DetConfigReader\DetConfigReader.csproj", "{EB171710-9FEE-48A1-839B-429BF5C68E65}"
EndProject
Project("{FAE04EC0-301F-11D3-BF4B-00C04F79EFBC}") = "TelnetAsync", "TelnetAsync\TelnetAsync.csproj", "{04E6A4FC-414B-41A6-AAF7-0904266C2CC7}"
EndProject
Global
	GlobalSection(SolutionConfigurationPlatforms) = preSolution
		Debug|Any CPU = Debug|Any CPU
		Release|Any CPU = Release|Any CPU
	EndGlobalSection
	GlobalSection(ProjectConfigurationPlatforms) = postSolution
		{35C3B675-CC79-4A09-BB36-81FCD16C7977}.Debug|Any CPU.ActiveCfg = Debug|Any CPU
		{35C3B675-CC79-4A09-BB36-81FCD16C7977}.Debug|Any CPU.Build.0 = Debug|Any CPU
		{35C3B675-CC79-4A09-BB36-81FCD16C7977}.Release|Any CPU.ActiveCfg = Release|Any CPU
		{35C3B675-CC79-4A09-BB36-81FCD16C7977}.Release|Any CPU.Build.0 = Release|Any CPU
		{EB171710-9FEE-48A1-839B-429BF5C68E65}.Debug|Any CPU.ActiveCfg = Debug|Any CPU
		{EB171710-9FEE-48A1-839B-429BF5C68E65}.Debug|Any CPU.Build.0 = Debug|Any CPU
		{EB171710-9FEE-48A1-839B-429BF5C68E65}.Release|Any CPU.ActiveCfg = Release|Any CPU
		{EB171710-9FEE-48A1-839B-429BF5C68E65}.Release|Any CPU.Build.0 = Release|Any CPU
		{04E6A4FC-414B-41A6-AAF7-0904266C2CC7}.Debug|Any CPU.ActiveCfg = Debug|Any CPU
		{04E6A4FC-414B-41A6-AAF7-0904266C2CC7}.Debug|Any CPU.Build.0 = Debug|Any CPU
		{04E6A4FC-414B-41A6-AAF7-0904266C2CC7}.Release|Any CPU.ActiveCfg = Release|Any CPU
		{04E6A4FC-414B-41A6-AAF7-0904266C2CC7}.Release|Any CPU.Build.0 = Release|Any CPU
	EndGlobalSection
	GlobalSection(SolutionProperties) = preSolution
		HideSolutionNode = FALSE
	EndGlobalSection
	GlobalSection(ExtensibilityGlobals) = postSolution
		SolutionGuid = {0907A42C-BE1C-4627-B2A5-B32A75BAF499}
	EndGlobalSection
EndGlobal
